<?xml version="1.0" encoding="utf-8"?>
<Project ToolsVersion="4.0" xmlns="http://schemas.microsoft.com/developer/msbuild/2003">
  <ItemGroup>
    <Filter Include="Resource Files">
      <UniqueIdentifier>{67DA6AB6-F800-4c08-8B7A-83BB121AAD01}</UniqueIdentifier>
      <Extensions>rc;ico;cur;bmp;dlg;rc2;rct;bin;rgs;gif;jpg;jpeg;jpe;resx;tiff;tif;png;wav;mfcribbon-ms</Extensions>
    </Filter>
    <Filter Include="Systems">
      <UniqueIdentifier>{720125b1-fd03-4ad0-be57-66bebbe94904}</UniqueIdentifier>
    </Filter>
    <Filter Include="Components">
      <UniqueIdentifier>{a5d5a6bb-9849-4008-976f-ee24ee403053}</UniqueIdentifier>
    </Filter>
    <Filter Include="Entities">
      <UniqueIdentifier>{9625a325-37cf-4799-a695-4dc1753bacd4}</UniqueIdentifier>
    </Filter>
  </ItemGroup>
  <ItemGroup>
    <ClInclude Include="Scripts\GameStateList.h">
      <Filter>Systems</Filter>
    </ClInclude>
    <ClInclude Include="Scripts\GameStateManager.h">
      <Filter>Systems</Filter>
    </ClInclude>
    <ClInclude Include="Scripts\InputManager.h">
      <Filter>Systems</Filter>
    </ClInclude>
    <ClInclude Include="Scripts\Main.h">
      <Filter>Systems</Filter>
    </ClInclude>
    <ClInclude Include="Scripts\Resource.h">
      <Filter>Resource Files</Filter>
    </ClInclude>
    <ClInclude Include="Scripts\EventManager.h">
      <Filter>Systems</Filter>
    </ClInclude>
    <ClInclude Include="Scripts\MemoryManager.h">
      <Filter>Systems</Filter>
    </ClInclude>
    <ClInclude Include="Scripts\System.h">
      <Filter>Systems</Filter>
    </ClInclude>
    <ClInclude Include="Scripts\SystemManager.h">
      <Filter>Systems</Filter>
    </ClInclude>
    <ClInclude Include="Scripts\Component.h">
      <Filter>Components</Filter>
    </ClInclude>
    <ClInclude Include="Scripts\Entity.h">
      <Filter>Entities</Filter>
    </ClInclude>
  </ItemGroup>
  <ItemGroup>
    <ClCompile Include="Scripts\GameStateManager.cpp">
      <Filter>Systems</Filter>
    </ClCompile>
    <ClCompile Include="Scripts\InputManager.cpp">
      <Filter>Systems</Filter>
    </ClCompile>
    <ClCompile Include="Scripts\Main.cpp">
      <Filter>Systems</Filter>
    </ClCompile>
    <ClCompile Include="Scripts\EventManager.cpp">
      <Filter>Systems</Filter>
    </ClCompile>
    <ClCompile Include="Scripts\MemoryManager.cpp">
      <Filter>Systems</Filter>
    </ClCompile>
    <ClCompile Include="Scripts\System.cpp">
      <Filter>Systems</Filter>
    </ClCompile>
    <ClCompile Include="Scripts\SystemManager.cpp">
      <Filter>Systems</Filter>
    </ClCompile>
    <ClCompile Include="Scripts\Component.cpp">
      <Filter>Components</Filter>
    </ClCompile>
    <ClCompile Include="Scripts\Entity.cpp">
      <Filter>Entities</Filter>
    </ClCompile>
  </ItemGroup>
</Project>