
Microsoft Visual Studio Solution File, Format Version 12.00
# Visual Studio 15
VisualStudioVersion = 15.0.28010.2048
MinimumVisualStudioVersion = 10.0.40219.1
Project("{8BC9CEB8-8B4A-11D0-8D11-00A0C91BC942}") = "Project1", "Project1\Project1.vcxproj", "{F25F3B23-93C9-4651-A5BF-FED1B11407CB}"
EndProject
Global
	GlobalSection(SolutionConfigurationPlatforms) = preSolution
		Debug|x64 = Debug|x64
		Debug|x86 = Debug|x86
		Release|x64 = Release|x64
		Release|x86 = Release|x86
	EndGlobalSection
	GlobalSection(ProjectConfigurationPlatforms) = postSolution
		{F25F3B23-93C9-4651-A5BF-FED1B11407CB}.Debug|x64.ActiveCfg = Debug|x64
		{F25F3B23-93C9-4651-A5BF-FED1B11407CB}.Debug|x64.Build.0 = Debug|x64
		{F25F3B23-93C9-4651-A5BF-FED1B11407CB}.Debug|x86.ActiveCfg = Debug|Win32
		{F25F3B23-93C9-4651-A5BF-FED1B11407CB}.Debug|x86.Build.0 = Debug|Win32
		{F25F3B23-93C9-4651-A5BF-FED1B11407CB}.Release|x64.ActiveCfg = Release|x64
		{F25F3B23-93C9-4651-A5BF-FED1B11407CB}.Release|x64.Build.0 = Release|x64
		{F25F3B23-93C9-4651-A5BF-FED1B11407CB}.Release|x86.ActiveCfg = Release|Win32
		{F25F3B23-93C9-4651-A5BF-FED1B11407CB}.Release|x86.Build.0 = Release|Win32
	EndGlobalSection
	GlobalSection(SolutionProperties) = preSolution
		HideSolutionNode = FALSE
	EndGlobalSection
	GlobalSection(ExtensibilityGlobals) = postSolution
		SolutionGuid = {71F3CB83-27BA-48D1-ABE0-F5D211367E53}
	EndGlobalSection
EndGlobal
