<?xml version="1.0" encoding="utf-8"?>
<Project ToolsVersion="4.0" xmlns="http://schemas.microsoft.com/developer/msbuild/2003">
  <ItemGroup>
    <Filter Include="Resource Files">
      <UniqueIdentifier>{67DA6AB6-F800-4c08-8B7A-83BB121AAD01}</UniqueIdentifier>
      <Extensions>rc;ico;cur;bmp;dlg;rc2;rct;bin;rgs;gif;jpg;jpeg;jpe;resx;tiff;tif;png;wav;mfcribbon-ms</Extensions>
    </Filter>
    <Filter Include="RogueEngine">
      <UniqueIdentifier>{f2913a8b-aa33-48bd-b5ba-6c6af812770d}</UniqueIdentifier>
    </Filter>
    <Filter Include="RogueEngine\Systems">
      <UniqueIdentifier>{720125b1-fd03-4ad0-be57-66bebbe94904}</UniqueIdentifier>
    </Filter>
    <Filter Include="RogueEngine\Data">
      <UniqueIdentifier>{a050a5c0-1c86-4d17-8448-e9c5d24c48f5}</UniqueIdentifier>
    </Filter>
    <Filter Include="RogueEngine\Systems\Graphics">
      <UniqueIdentifier>{d11b3ae9-5aed-4e68-8791-7e74d89579b3}</UniqueIdentifier>
    </Filter>
    <Filter Include="RogueEngine\Systems\Physics">
      <UniqueIdentifier>{b287f5c9-4fd6-4555-a072-9e44eaea785d}</UniqueIdentifier>
    </Filter>
    <Filter Include="RogueEngine\Systems\Input">
      <UniqueIdentifier>{3a918ea4-3468-4a85-9107-f225a7c6b8cf}</UniqueIdentifier>
    </Filter>
    <Filter Include="RogueEngine\Systems\Events">
      <UniqueIdentifier>{8ed8a40a-ae7c-43fa-aac3-45f06a6593ca}</UniqueIdentifier>
    </Filter>
    <Filter Include="RogueEngine\Systems\Events\Events">
      <UniqueIdentifier>{874017b0-c223-4a1e-9f81-5e68b60e39c5}</UniqueIdentifier>
    </Filter>
    <Filter Include="RogueEngine\Systems\Debug">
      <UniqueIdentifier>{dd569528-c110-4600-89f9-e2702d70a3fd}</UniqueIdentifier>
    </Filter>
    <Filter Include="RogueEngine\Systems\I/O">
      <UniqueIdentifier>{04f37cb7-cc36-4083-9b39-54efe633ae0c}</UniqueIdentifier>
    </Filter>
    <Filter Include="RogueEngine\Systems\Physics\Polygons">
      <UniqueIdentifier>{bd0e46e0-5af7-4458-b9da-3f6a931851a0}</UniqueIdentifier>
    </Filter>
    <Filter Include="RogueEngine\Math">
      <UniqueIdentifier>{22b537b5-886e-4043-b876-1c95ad7a8bc1}</UniqueIdentifier>
    </Filter>
    <Filter Include="RogueEngine\Core">
      <UniqueIdentifier>{4fe8da6f-c39e-45a1-9802-b4b7e3bd135e}</UniqueIdentifier>
    </Filter>
    <Filter Include="RogueEngine\Core\ECS">
      <UniqueIdentifier>{88038d41-a256-48eb-ab06-a72faa839284}</UniqueIdentifier>
    </Filter>
    <Filter Include="RogueEngine\Systems\Physics\Components">
      <UniqueIdentifier>{846770d4-715c-44f0-88bf-591217db1294}</UniqueIdentifier>
    </Filter>
    <Filter Include="RogueEngine\Systems\Memory">
      <UniqueIdentifier>{c7c96828-3cac-4aeb-bc20-6a26e3a1a849}</UniqueIdentifier>
    </Filter>
    <Filter Include="RogueEngine\Systems\AI">
      <UniqueIdentifier>{e68acb32-5338-4384-a5ff-e96022bc6953}</UniqueIdentifier>
    </Filter>
    <Filter Include="RogueEngine\Systems\Window">
      <UniqueIdentifier>{0ecd1d51-418d-4be3-99a8-6cce0b2b1f2b}</UniqueIdentifier>
    </Filter>
    <Filter Include="RogueEngine\Systems\AI\AI Types">
      <UniqueIdentifier>{d574c589-f4a4-4c0f-a12d-0c7a4994e96d}</UniqueIdentifier>
    </Filter>
    <Filter Include="RogueEditor">
      <UniqueIdentifier>{5a236eec-1c6e-4ffa-9a10-717a12c37429}</UniqueIdentifier>
    </Filter>
    <Filter Include="RogueEditor\EditorFiles">
      <UniqueIdentifier>{20c1c47b-5b49-47b1-abb4-12f8f5fd1d9a}</UniqueIdentifier>
    </Filter>
    <Filter Include="RogueEditor\EditorLibrary">
      <UniqueIdentifier>{35c0161a-d947-4567-9c59-669be140c0e9}</UniqueIdentifier>
    </Filter>
    <Filter Include="RogueEngine\Systems\AI\Components">
      <UniqueIdentifier>{c47994d7-a5b1-4833-b6e9-163adb7acfd8}</UniqueIdentifier>
    </Filter>
    <Filter Include="RogueEngine\Systems\AI\Interface">
      <UniqueIdentifier>{847c7d63-e621-4015-ba7e-024dcbef5d5e}</UniqueIdentifier>
    </Filter>
    <Filter Include="RogueEngine\Systems\Font">
      <UniqueIdentifier>{0b09499a-b5ad-41dc-946a-16db0a0a9183}</UniqueIdentifier>
    </Filter>
    <Filter Include="RogueEngine\Systems\DebugDraw">
      <UniqueIdentifier>{72496074-30f5-465a-abd5-300a936ce5a7}</UniqueIdentifier>
    </Filter>
    <Filter Include="RogueEngine\Systems\Collision">
      <UniqueIdentifier>{e4319b4b-0961-4d86-8ff7-4c14b6b262b4}</UniqueIdentifier>
    </Filter>
  </ItemGroup>
  <ItemGroup>
    <ClInclude Include="Source\Resource.h">
      <Filter>Resource Files</Filter>
    </ClInclude>
    <ClInclude Include="Source\Main.h">
      <Filter>RogueEngine</Filter>
    </ClInclude>
    <ClInclude Include="Source\Event.h">
      <Filter>RogueEngine\Systems\Events\Events</Filter>
    </ClInclude>
    <ClInclude Include="Source\AppEvent.h">
      <Filter>RogueEngine\Systems\Events\Events</Filter>
    </ClInclude>
    <ClInclude Include="Source\KeyEvent.h">
      <Filter>RogueEngine\Systems\Events\Events</Filter>
    </ClInclude>
    <ClInclude Include="Source\EventDispatcher.h">
      <Filter>RogueEngine\Systems\Events</Filter>
    </ClInclude>
    <ClInclude Include="Source\InputData.h">
      <Filter>RogueEngine\Data</Filter>
    </ClInclude>
    <ClInclude Include="Source\InputManager.h">
      <Filter>RogueEngine\Systems\Input</Filter>
    </ClInclude>
    <ClInclude Include="Source\Logger.h">
      <Filter>RogueEngine\Systems\Debug</Filter>
    </ClInclude>
    <ClInclude Include="Source\FileIO.h">
      <Filter>RogueEngine\Systems\I/O</Filter>
    </ClInclude>
    <ClInclude Include="Source\OBB.h">
      <Filter>RogueEngine\Systems\Collision</Filter>
    </ClInclude>
    <ClInclude Include="Source\CollisionManager.h">
      <Filter>RogueEngine\Systems\Collision</Filter>
    </ClInclude>
    <ClInclude Include="Source\AABB.h">
      <Filter>RogueEngine\Systems\Collision</Filter>
    </ClInclude>
    <ClInclude Include="Source\Circle.h">
      <Filter>RogueEngine\Systems\Physics\Polygons</Filter>
    </ClInclude>
    <ClInclude Include="Source\Polygon.h">
      <Filter>RogueEngine\Systems\Physics\Polygons</Filter>
    </ClInclude>
    <ClInclude Include="Source\Shape.h">
      <Filter>RogueEngine\Systems\Physics\Polygons</Filter>
    </ClInclude>
    <ClInclude Include="Source\Vector2D.h">
      <Filter>RogueEngine\Math</Filter>
    </ClInclude>
    <ClInclude Include="Source\Matrix33.h">
      <Filter>RogueEngine\Math</Filter>
    </ClInclude>
    <ClInclude Include="Source\REMath.h">
      <Filter>RogueEngine\Math</Filter>
    </ClInclude>
    <ClInclude Include="Source\EventListener.h">
      <Filter>RogueEngine\Systems\Events</Filter>
    </ClInclude>
    <ClInclude Include="Source\GameEvent.h">
      <Filter>RogueEngine\Systems\Events\Events</Filter>
    </ClInclude>
    <ClInclude Include="Source\MemoryType.h">
      <Filter>RogueEngine\Systems\Memory</Filter>
    </ClInclude>
    <ClInclude Include="Source\GraphicsSystem.h">
      <Filter>RogueEngine\Systems\Graphics</Filter>
    </ClInclude>
    <ClInclude Include="Source\SpriteComponent.h">
      <Filter>RogueEngine\Systems\Graphics</Filter>
    </ClInclude>
    <ClInclude Include="Source\SystemManager.h">
      <Filter>RogueEngine\Core\ECS</Filter>
    </ClInclude>
    <ClInclude Include="Source\EntityManager.h">
      <Filter>RogueEngine\Core\ECS</Filter>
    </ClInclude>
    <ClInclude Include="Source\Coordinator.h">
      <Filter>RogueEngine\Core\ECS</Filter>
    </ClInclude>
    <ClInclude Include="Source\ComponentManager.h">
      <Filter>RogueEngine\Core\ECS</Filter>
    </ClInclude>
    <ClInclude Include="Source\ComponentArray.h">
      <Filter>RogueEngine\Core\ECS</Filter>
    </ClInclude>
    <ClInclude Include="Source\PhysicsSystem.h">
      <Filter>RogueEngine\Systems\Physics</Filter>
    </ClInclude>
    <ClInclude Include="Source\Config.h">
      <Filter>RogueEngine\Data</Filter>
    </ClInclude>
    <ClInclude Include="Source\Types.h">
      <Filter>RogueEngine\Core\ECS</Filter>
    </ClInclude>
    <ClInclude Include="Source\REEngine.h">
      <Filter>RogueEngine\Core</Filter>
    </ClInclude>
    <ClInclude Include="Source\ComponentList.h">
      <Filter>RogueEngine\Core\ECS</Filter>
    </ClInclude>
    <ClInclude Include="Source\BasicIO.h">
      <Filter>RogueEngine\Systems\I/O</Filter>
    </ClInclude>
    <ClInclude Include="Source\CircleCollider2DComponent.h">
      <Filter>RogueEngine\Systems\Physics\Components</Filter>
    </ClInclude>
    <ClInclude Include="Source\MaterialComponent.h">
      <Filter>RogueEngine\Systems\Physics\Components</Filter>
    </ClInclude>
    <ClInclude Include="Source\RigidbodyComponent.h">
      <Filter>RogueEngine\Systems\Physics\Components</Filter>
    </ClInclude>
    <ClInclude Include="Source\RotatableComponent.h">
      <Filter>RogueEngine\Systems\Physics\Components</Filter>
    </ClInclude>
    <ClInclude Include="Source\TransformComponent.h">
      <Filter>RogueEngine\Systems\Physics\Components</Filter>
    </ClInclude>
    <ClInclude Include="Source\BoxCollider2DComponent.h">
      <Filter>RogueEngine\Systems\Physics\Components</Filter>
    </ClInclude>
    <ClInclude Include="Source\MemoryManager.h">
      <Filter>RogueEngine\Systems\Memory</Filter>
    </ClInclude>
    <ClInclude Include="Source\ObjectFactory.h">
      <Filter>RogueEngine\Core\ECS</Filter>
    </ClInclude>
    <ClInclude Include="Source\VSync.h">
      <Filter>RogueEngine\Systems\Graphics</Filter>
    </ClInclude>
    <ClInclude Include="Source\Timer.h">
      <Filter>RogueEngine\Systems\Debug</Filter>
    </ClInclude>
    <ClInclude Include="Source\WindowHelper.h">
      <Filter>RogueEngine\Systems\Window</Filter>
    </ClInclude>
    <ClInclude Include="Source\TextureManager.h">
      <Filter>RogueEngine\Systems\Graphics</Filter>
    </ClInclude>
    <ClInclude Include="Source\Shader.h">
      <Filter>RogueEngine\Systems\Graphics</Filter>
    </ClInclude>
    <ClInclude Include="Source\ShaderManager.h">
      <Filter>RogueEngine\Systems\Graphics</Filter>
    </ClInclude>
    <ClInclude Include="Source\GLHelper.hpp">
      <Filter>RogueEngine\Systems\Graphics</Filter>
    </ClInclude>
    <ClInclude Include="Source\PlayerControllerComponent.h">
      <Filter>RogueEngine\Systems\Input</Filter>
    </ClInclude>
    <ClInclude Include="Source\ISerializable.h">
      <Filter>RogueEngine\Systems\I/O</Filter>
    </ClInclude>
    <ClInclude Include="Source\BaseComponent.h">
      <Filter>RogueEngine\Core\ECS</Filter>
    </ClInclude>
    <ClInclude Include="Texture.h" />
    <ClInclude Include="Source\LogicSystem.h">
      <Filter>RogueEngine\Systems\AI</Filter>
    </ClInclude>
    <ClInclude Include="Source\EditorComponent.h">
      <Filter>RogueEditor\EditorFiles</Filter>
    </ClInclude>
    <ClInclude Include="Source\EditorConsole.h">
      <Filter>RogueEditor\EditorFiles</Filter>
    </ClInclude>
    <ClInclude Include="Source\EditorEdit.h">
      <Filter>RogueEditor\EditorFiles</Filter>
    </ClInclude>
    <ClInclude Include="Source\EditorFile.h">
      <Filter>RogueEditor\EditorFiles</Filter>
    </ClInclude>
    <ClInclude Include="Source\EditorGameObject.h">
      <Filter>RogueEditor\EditorFiles</Filter>
    </ClInclude>
    <ClInclude Include="Source\EditorHierarchy.h">
      <Filter>RogueEditor\EditorFiles</Filter>
    </ClInclude>
    <ClInclude Include="Source\EditorInspector.h">
      <Filter>RogueEditor\EditorFiles</Filter>
    </ClInclude>
    <ClInclude Include="Source\EditorProject.h">
      <Filter>RogueEditor\EditorFiles</Filter>
    </ClInclude>
    <ClInclude Include="Source\glew.h">
      <Filter>RogueEditor\EditorLibrary</Filter>
    </ClInclude>
    <ClInclude Include="Source\glfw3.h">
      <Filter>RogueEditor\EditorLibrary</Filter>
    </ClInclude>
    <ClInclude Include="Source\glfw3native.h">
      <Filter>RogueEditor\EditorLibrary</Filter>
    </ClInclude>
    <ClInclude Include="Source\imconfig.h">
      <Filter>RogueEditor\EditorLibrary</Filter>
    </ClInclude>
    <ClInclude Include="Source\imgui_impl_glfw.h">
      <Filter>RogueEditor\EditorLibrary</Filter>
    </ClInclude>
    <ClInclude Include="Source\imgui_impl_opengl3.h">
      <Filter>RogueEditor\EditorLibrary</Filter>
    </ClInclude>
    <ClInclude Include="Source\imgui_stl.h">
      <Filter>RogueEditor\EditorLibrary</Filter>
    </ClInclude>
    <ClInclude Include="Source\imstb_rectpack.h">
      <Filter>RogueEditor\EditorLibrary</Filter>
    </ClInclude>
    <ClInclude Include="Source\imstb_textedit.h">
      <Filter>RogueEditor\EditorLibrary</Filter>
    </ClInclude>
    <ClInclude Include="Source\imstb_truetype.h">
      <Filter>RogueEditor\EditorLibrary</Filter>
    </ClInclude>
    <ClInclude Include="Source\IEditable.h">
      <Filter>RogueEditor\EditorFiles</Filter>
    </ClInclude>
    <ClInclude Include="Source\EditorManager.h">
      <Filter>RogueEditor\EditorFiles</Filter>
    </ClInclude>
    <ClInclude Include="Source\Editor.h">
      <Filter>RogueEditor\EditorFiles</Filter>
    </ClInclude>
    <ClInclude Include="Source\EditorViewport.h">
      <Filter>RogueEditor\EditorFiles</Filter>
    </ClInclude>
    <ClInclude Include="Source\AIType.h">
      <Filter>RogueEngine\Systems\AI\AI Types</Filter>
    </ClInclude>
    <ClInclude Include="Source\BaseAI.h">
      <Filter>RogueEngine\Systems\AI\AI Types</Filter>
    </ClInclude>
    <ClInclude Include="Source\LogicComponent.h">
      <Filter>RogueEngine\Systems\AI\Components</Filter>
    </ClInclude>
    <ClInclude Include="Source\ILogic.h">
      <Filter>RogueEngine\Systems\AI\Interface</Filter>
    </ClInclude>
    <ClInclude Include="Source\CollisionSystem.h">
      <Filter>RogueEngine\Systems\Collision</Filter>
    </ClInclude>
    <ClInclude Include="Source\BaseSystem.h">
      <Filter>RogueEngine\Core\ECS</Filter>
    </ClInclude>
    <ClInclude Include="Source\SystemList.h">
      <Filter>RogueEngine\Core\ECS</Filter>
    </ClInclude>
    <ClInclude Include="Source\FontSystem.h">
      <Filter>RogueEngine\Systems\Font</Filter>
    </ClInclude>
    <ClInclude Include="Source\DebugDrawSystem.h">
      <Filter>RogueEngine\Systems\DebugDraw</Filter>
    </ClInclude>
    <ClInclude Include="Source\imgui.h">
      <Filter>RogueEditor\EditorLibrary</Filter>
    </ClInclude>
    <ClInclude Include="Source\imgui_impl_win32.h">
      <Filter>RogueEditor\EditorLibrary</Filter>
    </ClInclude>
    <ClInclude Include="Source\imgui_internal.h">
      <Filter>RogueEditor\EditorLibrary</Filter>
    </ClInclude>
  </ItemGroup>
  <ItemGroup>
    <ClCompile Include="Source\Main.cpp">
      <Filter>RogueEngine</Filter>
    </ClCompile>
    <ClCompile Include="Source\InputManager.cpp">
      <Filter>RogueEngine\Systems\Input</Filter>
    </ClCompile>
    <ClCompile Include="Source\Logger.cpp">
      <Filter>RogueEngine\Systems\Debug</Filter>
    </ClCompile>
    <ClCompile Include="Source\FileIO.cpp">
      <Filter>RogueEngine\Systems\I/O</Filter>
    </ClCompile>
    <ClCompile Include="Source\OBB.cpp">
      <Filter>RogueEngine\Systems\Collision</Filter>
    </ClCompile>
    <ClCompile Include="Source\CollisionManager.cpp">
      <Filter>RogueEngine\Systems\Collision</Filter>
    </ClCompile>
    <ClCompile Include="Source\AABB.cpp">
      <Filter>RogueEngine\Systems\Collision</Filter>
    </ClCompile>
    <ClCompile Include="Source\Circle.cpp">
      <Filter>RogueEngine\Systems\Physics\Polygons</Filter>
    </ClCompile>
    <ClCompile Include="Source\Polygon.cpp">
      <Filter>RogueEngine\Systems\Physics\Polygons</Filter>
    </ClCompile>
    <ClCompile Include="Source\Shape.cpp">
      <Filter>RogueEngine\Systems\Physics\Polygons</Filter>
    </ClCompile>
    <ClCompile Include="Source\Vector2D.cpp">
      <Filter>RogueEngine\Math</Filter>
    </ClCompile>
    <ClCompile Include="Source\Matrix33.cpp">
      <Filter>RogueEngine\Math</Filter>
    </ClCompile>
    <ClCompile Include="Source\REMath.cpp">
      <Filter>RogueEngine\Math</Filter>
    </ClCompile>
    <ClCompile Include="Source\GraphicsSystem.cpp">
      <Filter>RogueEngine\Systems\Graphics</Filter>
    </ClCompile>
    <ClCompile Include="Source\SpriteComponent.cpp">
      <Filter>RogueEngine\Systems\Graphics</Filter>
    </ClCompile>
    <ClCompile Include="Source\PhysicsSystem.cpp">
      <Filter>RogueEngine\Systems\Physics</Filter>
    </ClCompile>
    <ClCompile Include="Source\Config.cpp">
      <Filter>RogueEngine\Data</Filter>
    </ClCompile>
    <ClCompile Include="Source\REEngine.cpp">
      <Filter>RogueEngine\Core</Filter>
    </ClCompile>
    <ClCompile Include="Source\BasicIO.cpp">
      <Filter>RogueEngine\Systems\I/O</Filter>
    </ClCompile>
    <ClCompile Include="Source\CircleCollider2DComponent.cpp">
      <Filter>RogueEngine\Systems\Physics\Components</Filter>
    </ClCompile>
    <ClCompile Include="Source\MaterialComponent.cpp">
      <Filter>RogueEngine\Systems\Physics\Components</Filter>
    </ClCompile>
    <ClCompile Include="Source\RigidbodyComponent.cpp">
      <Filter>RogueEngine\Systems\Physics\Components</Filter>
    </ClCompile>
    <ClCompile Include="Source\RotatableComponent.cpp">
      <Filter>RogueEngine\Systems\Physics\Components</Filter>
    </ClCompile>
    <ClCompile Include="Source\TransformComponent.cpp">
      <Filter>RogueEngine\Systems\Physics\Components</Filter>
    </ClCompile>
    <ClCompile Include="Source\BoxCollider2DComponent.cpp">
      <Filter>RogueEngine\Systems\Physics\Components</Filter>
    </ClCompile>
    <ClCompile Include="Source\MemoryManager.cpp">
      <Filter>RogueEngine\Systems\Memory</Filter>
    </ClCompile>
    <ClCompile Include="Source\ObjectFactory.cpp">
      <Filter>RogueEngine\Core\ECS</Filter>
    </ClCompile>
    <ClCompile Include="Source\VSync.cpp">
      <Filter>RogueEngine\Systems\Graphics</Filter>
    </ClCompile>
    <ClCompile Include="Source\Timer.cpp">
      <Filter>RogueEngine\Systems\Debug</Filter>
    </ClCompile>
    <ClCompile Include="Source\WindowHelper.cpp">
      <Filter>RogueEngine\Systems\Window</Filter>
    </ClCompile>
    <ClCompile Include="Source\Shader.cpp">
      <Filter>RogueEngine\Systems\Graphics</Filter>
    </ClCompile>
    <ClCompile Include="Source\EventDispatcher.cpp">
      <Filter>RogueEngine\Systems\Events</Filter>
    </ClCompile>
    <ClCompile Include="Source\LogicSystem.cpp">
      <Filter>RogueEngine\Systems\AI</Filter>
    </ClCompile>
    <ClCompile Include="Source\EditorComponent.cpp">
      <Filter>RogueEditor\EditorFiles</Filter>
    </ClCompile>
    <ClCompile Include="Source\EditorConsole.cpp">
      <Filter>RogueEditor\EditorFiles</Filter>
    </ClCompile>
    <ClCompile Include="Source\EditorEdit.cpp">
      <Filter>RogueEditor\EditorFiles</Filter>
    </ClCompile>
    <ClCompile Include="Source\EditorGameObject.cpp">
      <Filter>RogueEditor\EditorFiles</Filter>
    </ClCompile>
    <ClCompile Include="Source\EditorFile.cpp">
      <Filter>RogueEditor\EditorFiles</Filter>
    </ClCompile>
    <ClCompile Include="Source\EditorHierarchy.cpp">
      <Filter>RogueEditor\EditorFiles</Filter>
    </ClCompile>
    <ClCompile Include="Source\EditorInspector.cpp">
      <Filter>RogueEditor\EditorFiles</Filter>
    </ClCompile>
    <ClCompile Include="Source\EditorProject.cpp">
      <Filter>RogueEditor\EditorFiles</Filter>
    </ClCompile>
    <ClCompile Include="Source\imgui_impl_glfw.cpp">
      <Filter>RogueEditor\EditorLibrary</Filter>
    </ClCompile>
    <ClCompile Include="Source\imgui_impl_opengl3.cpp">
      <Filter>RogueEditor\EditorLibrary</Filter>
    </ClCompile>
    <ClCompile Include="Source\imgui_stl.cpp">
      <Filter>RogueEditor\EditorLibrary</Filter>
    </ClCompile>
    <ClCompile Include="Source\EditorManager.cpp">
      <Filter>RogueEditor\EditorFiles</Filter>
    </ClCompile>
    <ClCompile Include="Source\Editor.cpp">
      <Filter>RogueEditor\EditorFiles</Filter>
    </ClCompile>
    <ClCompile Include="Source\EditorViewport.cpp">
      <Filter>RogueEditor\EditorFiles</Filter>
    </ClCompile>
    <ClCompile Include="Source\BaseAI.cpp">
      <Filter>RogueEngine\Systems\AI\AI Types</Filter>
    </ClCompile>
    <ClCompile Include="Source\Event.cpp">
      <Filter>RogueEngine\Systems\Events\Events</Filter>
    </ClCompile>
    <ClCompile Include="Source\LogicComponent.cpp">
      <Filter>RogueEngine\Systems\AI\Components</Filter>
    </ClCompile>
    <ClCompile Include="Source\CollisionSystem.cpp">
      <Filter>RogueEngine\Systems\Collision</Filter>
    </ClCompile>
    <ClCompile Include="Source\FontSystem.cpp">
      <Filter>RogueEngine\Systems\Font</Filter>
    </ClCompile>
    <ClCompile Include="Source\DebugDrawSystem.cpp">
      <Filter>RogueEngine\Systems\DebugDraw</Filter>
    </ClCompile>
    <ClCompile Include="Source\imgui.cpp">
      <Filter>RogueEditor\EditorLibrary</Filter>
    </ClCompile>
    <ClCompile Include="Source\imgui_impl_win32.cpp">
      <Filter>RogueEditor\EditorLibrary</Filter>
    </ClCompile>
    <ClCompile Include="Source\imgui_demo.cpp">
      <Filter>RogueEditor\EditorLibrary</Filter>
    </ClCompile>
    <ClCompile Include="Source\imgui_draw.cpp">
      <Filter>RogueEditor\EditorLibrary</Filter>
    </ClCompile>
    <ClCompile Include="Source\imgui_widgets.cpp">
      <Filter>RogueEditor\EditorLibrary</Filter>
    </ClCompile>
  </ItemGroup>
</Project>