<?xml version="1.0" encoding="utf-8"?>
<Project ToolsVersion="4.0" xmlns="http://schemas.microsoft.com/developer/msbuild/2003">
  <ItemGroup>
    <Filter Include="Resource Files">
      <UniqueIdentifier>{67DA6AB6-F800-4c08-8B7A-83BB121AAD01}</UniqueIdentifier>
      <Extensions>rc;ico;cur;bmp;dlg;rc2;rct;bin;rgs;gif;jpg;jpeg;jpe;resx;tiff;tif;png;wav;mfcribbon-ms</Extensions>
    </Filter>
    <Filter Include="RogueEngine">
      <UniqueIdentifier>{f2913a8b-aa33-48bd-b5ba-6c6af812770d}</UniqueIdentifier>
    </Filter>
    <Filter Include="RogueEngine\Imgui">
      <UniqueIdentifier>{805152a0-e608-446c-95c2-9f0925dc4fab}</UniqueIdentifier>
    </Filter>
    <Filter Include="RogueEngine\Imgui\Library Files">
      <UniqueIdentifier>{b6d9db0d-6c3b-4ba1-bf73-8df6051d6257}</UniqueIdentifier>
    </Filter>
    <Filter Include="RogueEngine\Imgui\Editor Files">
      <UniqueIdentifier>{4173f22b-058f-4c1d-a3c4-0f462db94155}</UniqueIdentifier>
    </Filter>
  </ItemGroup>
  <ItemGroup>
    <ClInclude Include="Scripts\Resource.h">
      <Filter>Resource Files</Filter>
    </ClInclude>
    <ClInclude Include="Scripts\Main.h">
      <Filter>RogueEngine</Filter>
    </ClInclude>
    <ClInclude Include="Scripts\glew.h">
      <Filter>RogueEngine\Imgui\Library Files</Filter>
    </ClInclude>
    <ClInclude Include="Scripts\glfw3.h">
      <Filter>RogueEngine\Imgui\Library Files</Filter>
    </ClInclude>
    <ClInclude Include="Scripts\imconfig.h">
      <Filter>RogueEngine\Imgui\Library Files</Filter>
    </ClInclude>
    <ClInclude Include="Scripts\imgui.h">
      <Filter>RogueEngine\Imgui\Library Files</Filter>
    </ClInclude>
    <ClInclude Include="Scripts\imgui_impl_glfw.h">
      <Filter>RogueEngine\Imgui\Library Files</Filter>
    </ClInclude>
    <ClInclude Include="Scripts\imgui_impl_opengl3.h">
      <Filter>RogueEngine\Imgui\Library Files</Filter>
    </ClInclude>
    <ClInclude Include="Scripts\imgui_internal.h">
      <Filter>RogueEngine\Imgui\Library Files</Filter>
    </ClInclude>
    <ClInclude Include="Scripts\imgui_stl.h">
      <Filter>RogueEngine\Imgui\Library Files</Filter>
    </ClInclude>
    <ClInclude Include="Scripts\imstb_rectpack.h">
      <Filter>RogueEngine\Imgui\Library Files</Filter>
    </ClInclude>
    <ClInclude Include="Scripts\imstb_textedit.h">
      <Filter>RogueEngine\Imgui\Library Files</Filter>
    </ClInclude>
    <ClInclude Include="Scripts\imstb_truetype.h">
      <Filter>RogueEngine\Imgui\Library Files</Filter>
    </ClInclude>
    <ClInclude Include="Scripts\ImguiLayer.h">
      <Filter>RogueEngine\Imgui\Editor Files</Filter>
    </ClInclude>
    <ClInclude Include="Scripts\EditorFile.h">
      <Filter>RogueEngine\Imgui\Editor Files</Filter>
    </ClInclude>
    <ClInclude Include="Scripts\EditorInspector.h">
      <Filter>RogueEngine\Imgui\Editor Files</Filter>
    </ClInclude>
    <ClInclude Include="Scripts\REEditor.h">
      <Filter>RogueEngine\Imgui\Editor Files</Filter>
    </ClInclude>
    <ClInclude Include="Scripts\EditorEdit.h">
      <Filter>RogueEngine\Imgui\Editor Files</Filter>
    </ClInclude>
    <ClInclude Include="Scripts\EditorAssets.h">
      <Filter>RogueEngine\Imgui\Editor Files</Filter>
    </ClInclude>
    <ClInclude Include="Scripts\EditorGameObject.h">
      <Filter>RogueEngine\Imgui\Editor Files</Filter>
    </ClInclude>
    <ClInclude Include="Scripts\EditorComponent.h">
      <Filter>RogueEngine\Imgui\Editor Files</Filter>
    </ClInclude>
    <ClInclude Include="Scripts\EditorConsole.h">
      <Filter>RogueEngine\Imgui\Editor Files</Filter>
    </ClInclude>
    <ClInclude Include="Scripts\EditorHierarchy.h">
      <Filter>RogueEngine\Imgui\Editor Files</Filter>
    </ClInclude>
  </ItemGroup>
  <ItemGroup>
    <ClCompile Include="Scripts\Main.cpp">
      <Filter>RogueEngine</Filter>
    </ClCompile>
    <ClCompile Include="Scripts\imgui.cpp">
      <Filter>RogueEngine\Imgui\Library Files</Filter>
    </ClCompile>
    <ClCompile Include="Scripts\imgui_demo.cpp">
      <Filter>RogueEngine\Imgui\Library Files</Filter>
    </ClCompile>
    <ClCompile Include="Scripts\imgui_draw.cpp">
      <Filter>RogueEngine\Imgui\Library Files</Filter>
    </ClCompile>
    <ClCompile Include="Scripts\imgui_impl_glfw.cpp">
      <Filter>RogueEngine\Imgui\Library Files</Filter>
    </ClCompile>
    <ClCompile Include="Scripts\imgui_impl_opengl3.cpp">
      <Filter>RogueEngine\Imgui\Library Files</Filter>
    </ClCompile>
    <ClCompile Include="Scripts\imgui_stl.cpp">
      <Filter>RogueEngine\Imgui\Library Files</Filter>
    </ClCompile>
    <ClCompile Include="Scripts\imgui_widgets.cpp">
      <Filter>RogueEngine\Imgui\Library Files</Filter>
    </ClCompile>
    <ClCompile Include="Scripts\ImguiLayer.cpp">
      <Filter>RogueEngine\Imgui\Editor Files</Filter>
    </ClCompile>
    <ClCompile Include="Scripts\EditorFile.cpp">
      <Filter>RogueEngine\Imgui\Editor Files</Filter>
    </ClCompile>
    <ClCompile Include="Scripts\EditorInspector.cpp">
      <Filter>RogueEngine\Imgui\Editor Files</Filter>
    </ClCompile>
    <ClCompile Include="Scripts\EditorEdit.cpp">
      <Filter>RogueEngine\Imgui\Editor Files</Filter>
    </ClCompile>
    <ClCompile Include="Scripts\EditorAssets.cpp">
      <Filter>RogueEngine\Imgui\Editor Files</Filter>
    </ClCompile>
    <ClCompile Include="Scripts\EditorGameObject.cpp">
      <Filter>RogueEngine\Imgui\Editor Files</Filter>
    </ClCompile>
    <ClCompile Include="Scripts\EditorComponent.cpp">
      <Filter>RogueEngine\Imgui\Editor Files</Filter>
    </ClCompile>
    <ClCompile Include="Scripts\EditorConsole.cpp">
      <Filter>RogueEngine\Imgui\Editor Files</Filter>
    </ClCompile>
    <ClCompile Include="Scripts\EditorHierarchy.cpp">
      <Filter>RogueEngine\Imgui\Editor Files</Filter>
    </ClCompile>
  </ItemGroup>
</Project>